
Microsoft Visual Studio Solution File, Format Version 12.00
# Visual Studio 15
VisualStudioVersion = 15.0.28307.136
MinimumVisualStudioVersion = 10.0.40219.1
Project("{9A19103F-16F7-4668-BE54-9A1E7A4F7556}") = "IL2X.Core", "IL2X.Core\IL2X.Core.csproj", "{38C3C107-8497-4EA4-BBE4-5A51CFA25D5B}"
EndProject
Project("{9A19103F-16F7-4668-BE54-9A1E7A4F7556}") = "TestApp", "TestApp\TestApp.csproj", "{4C08C7DF-B83C-4CC2-922D-7E68D5318B52}"
EndProject
Project("{FAE04EC0-301F-11D3-BF4B-00C04F79EFBC}") = "IL2X.Test", "IL2X.Test\IL2X.Test.csproj", "{D7678421-75AD-4D3E-B831-B37AEDFF3F8E}"
	ProjectSection(ProjectDependencies) = postProject
		{4C08C7DF-B83C-4CC2-922D-7E68D5318B52} = {4C08C7DF-B83C-4CC2-922D-7E68D5318B52}
	EndProjectSection
EndProject
Global
	GlobalSection(SolutionConfigurationPlatforms) = preSolution
		Debug|Any CPU = Debug|Any CPU
		Release|Any CPU = Release|Any CPU
	EndGlobalSection
	GlobalSection(ProjectConfigurationPlatforms) = postSolution
		{38C3C107-8497-4EA4-BBE4-5A51CFA25D5B}.Debug|Any CPU.ActiveCfg = Debug|Any CPU
		{38C3C107-8497-4EA4-BBE4-5A51CFA25D5B}.Debug|Any CPU.Build.0 = Debug|Any CPU
		{38C3C107-8497-4EA4-BBE4-5A51CFA25D5B}.Release|Any CPU.ActiveCfg = Release|Any CPU
		{38C3C107-8497-4EA4-BBE4-5A51CFA25D5B}.Release|Any CPU.Build.0 = Release|Any CPU
		{4C08C7DF-B83C-4CC2-922D-7E68D5318B52}.Debug|Any CPU.ActiveCfg = Debug|Any CPU
		{4C08C7DF-B83C-4CC2-922D-7E68D5318B52}.Debug|Any CPU.Build.0 = Debug|Any CPU
		{4C08C7DF-B83C-4CC2-922D-7E68D5318B52}.Release|Any CPU.ActiveCfg = Release|Any CPU
		{4C08C7DF-B83C-4CC2-922D-7E68D5318B52}.Release|Any CPU.Build.0 = Release|Any CPU
		{D7678421-75AD-4D3E-B831-B37AEDFF3F8E}.Debug|Any CPU.ActiveCfg = Debug|Any CPU
		{D7678421-75AD-4D3E-B831-B37AEDFF3F8E}.Debug|Any CPU.Build.0 = Debug|Any CPU
		{D7678421-75AD-4D3E-B831-B37AEDFF3F8E}.Release|Any CPU.ActiveCfg = Release|Any CPU
		{D7678421-75AD-4D3E-B831-B37AEDFF3F8E}.Release|Any CPU.Build.0 = Release|Any CPU
	EndGlobalSection
	GlobalSection(SolutionProperties) = preSolution
		HideSolutionNode = FALSE
	EndGlobalSection
	GlobalSection(ExtensibilityGlobals) = postSolution
		SolutionGuid = {D745E958-E1EF-4480-B408-1BD63D3B53F1}
	EndGlobalSection
EndGlobal
