
Microsoft Visual Studio Solution File, Format Version 12.00
# Visual Studio Version 16
VisualStudioVersion = 16.0.31624.102
MinimumVisualStudioVersion = 10.0.40219.1
Project("{9A19103F-16F7-4668-BE54-9A1E7A4F7556}") = "IL2X.CLI", "IL2X.CLI\IL2X.CLI.csproj", "{895CAA7E-07D0-41EC-ABAA-68DB6B08668E}"
	ProjectSection(ProjectDependencies) = postProject
		{D11E7380-022D-4E32-8F4D-AA929E349A6F} = {D11E7380-022D-4E32-8F4D-AA929E349A6F}
		{D0FB03BE-81EA-45ED-B0CE-47ED4D797E8F} = {D0FB03BE-81EA-45ED-B0CE-47ED4D797E8F}
	EndProjectSection
EndProject
Project("{9A19103F-16F7-4668-BE54-9A1E7A4F7556}") = "IL2X.Core", "IL2X.Core\IL2X.Core.csproj", "{5EE0E9D0-BD01-48FE-BF41-162CA6DF4AD7}"
EndProject
Project("{9A19103F-16F7-4668-BE54-9A1E7A4F7556}") = "RayTraceBenchmark", "RayTraceBenchmark\RayTraceBenchmark.csproj", "{D0FB03BE-81EA-45ED-B0CE-47ED4D797E8F}"
EndProject
Project("{9A19103F-16F7-4668-BE54-9A1E7A4F7556}") = "IL2X.CoreLib", "IL2X.CoreLib\IL2X.CoreLib.csproj", "{D11E7380-022D-4E32-8F4D-AA929E349A6F}"
EndProject
Project("{9A19103F-16F7-4668-BE54-9A1E7A4F7556}") = "RayTraceBenchmark_JIT", "RayTraceBenchmark\RayTraceBenchmark_JIT.csproj", "{DE0463EB-ADCD-4CD2-9BF2-0CA04ED56168}"
EndProject
Global
	GlobalSection(SolutionConfigurationPlatforms) = preSolution
		Debug|Any CPU = Debug|Any CPU
		Release|Any CPU = Release|Any CPU
	EndGlobalSection
	GlobalSection(ProjectConfigurationPlatforms) = postSolution
		{895CAA7E-07D0-41EC-ABAA-68DB6B08668E}.Debug|Any CPU.ActiveCfg = Debug|Any CPU
		{895CAA7E-07D0-41EC-ABAA-68DB6B08668E}.Debug|Any CPU.Build.0 = Debug|Any CPU
		{895CAA7E-07D0-41EC-ABAA-68DB6B08668E}.Release|Any CPU.ActiveCfg = Release|Any CPU
		{895CAA7E-07D0-41EC-ABAA-68DB6B08668E}.Release|Any CPU.Build.0 = Release|Any CPU
		{5EE0E9D0-BD01-48FE-BF41-162CA6DF4AD7}.Debug|Any CPU.ActiveCfg = Debug|Any CPU
		{5EE0E9D0-BD01-48FE-BF41-162CA6DF4AD7}.Debug|Any CPU.Build.0 = Debug|Any CPU
		{5EE0E9D0-BD01-48FE-BF41-162CA6DF4AD7}.Release|Any CPU.ActiveCfg = Release|Any CPU
		{5EE0E9D0-BD01-48FE-BF41-162CA6DF4AD7}.Release|Any CPU.Build.0 = Release|Any CPU
		{D0FB03BE-81EA-45ED-B0CE-47ED4D797E8F}.Debug|Any CPU.ActiveCfg = Debug|Any CPU
		{D0FB03BE-81EA-45ED-B0CE-47ED4D797E8F}.Debug|Any CPU.Build.0 = Debug|Any CPU
		{D0FB03BE-81EA-45ED-B0CE-47ED4D797E8F}.Release|Any CPU.ActiveCfg = Release|Any CPU
		{D0FB03BE-81EA-45ED-B0CE-47ED4D797E8F}.Release|Any CPU.Build.0 = Release|Any CPU
		{D11E7380-022D-4E32-8F4D-AA929E349A6F}.Debug|Any CPU.ActiveCfg = Debug|Any CPU
		{D11E7380-022D-4E32-8F4D-AA929E349A6F}.Debug|Any CPU.Build.0 = Debug|Any CPU
		{D11E7380-022D-4E32-8F4D-AA929E349A6F}.Release|Any CPU.ActiveCfg = Release|Any CPU
		{D11E7380-022D-4E32-8F4D-AA929E349A6F}.Release|Any CPU.Build.0 = Release|Any CPU
		{DE0463EB-ADCD-4CD2-9BF2-0CA04ED56168}.Debug|Any CPU.ActiveCfg = Debug|Any CPU
		{DE0463EB-ADCD-4CD2-9BF2-0CA04ED56168}.Debug|Any CPU.Build.0 = Debug|Any CPU
		{DE0463EB-ADCD-4CD2-9BF2-0CA04ED56168}.Release|Any CPU.ActiveCfg = Release|Any CPU
		{DE0463EB-ADCD-4CD2-9BF2-0CA04ED56168}.Release|Any CPU.Build.0 = Release|Any CPU
	EndGlobalSection
	GlobalSection(SolutionProperties) = preSolution
		HideSolutionNode = FALSE
	EndGlobalSection
	GlobalSection(ExtensibilityGlobals) = postSolution
		SolutionGuid = {7173D5EA-9721-4519-9F55-CA624518F1B5}
	EndGlobalSection
EndGlobal
